{
  "name": "@hippy/vue-next",
  "version": "unspecified",
  "lockfileVersion": 2,
  "requires": true,
  "packages": {
    "": {
      "name": "@hippy/vue-next",
      "version": "unspecified",
      "license": "Apache-2.0",
      "devDependencies": {
        "@vue/runtime-core": "^3.2.46",
        "@vue/shared": "^3.2.46"
      },
      "peerDependencies": {
        "@vue/runtime-core": "^3.2.46",
        "@vue/shared": "^3.2.46"
      }
    },
    "node_modules/@vue/reactivity": {
      "version": "3.4.38",
      "resolved": "https://mirrors.tencent.com/npm/@vue/reactivity/-/reactivity-3.4.38.tgz",
      "integrity": "sha512-4vl4wMMVniLsSYYeldAKzbk72+D3hUnkw9z8lDeJacTxAkXeDAP1uE9xr2+aKIN0ipOL8EG2GPouVTH6yF7Gnw==",
      "dev": true,
      "dependencies": {
        "@vue/shared": "3.4.38"
      }
    },
    "node_modules/@vue/runtime-core": {
      "version": "3.4.38",
      "resolved": "https://mirrors.tencent.com/npm/@vue/runtime-core/-/runtime-core-3.4.38.tgz",
      "integrity": "sha512-21z3wA99EABtuf+O3IhdxP0iHgkBs1vuoCAsCKLVJPEjpVqvblwBnTj42vzHRlWDCyxu9ptDm7sI2ZMcWrQqlA==",
      "dev": true,
      "dependencies": {
        "@vue/reactivity": "3.4.38",
        "@vue/shared": "3.4.38"
      }
    },
    "node_modules/@vue/shared": {
      "version": "3.4.38",
      "resolved": "https://mirrors.tencent.com/npm/@vue/shared/-/shared-3.4.38.tgz",
      "integrity": "sha512-q0xCiLkuWWQLzVrecPb0RMsNWyxICOjPrcrwxTUEHb1fsnvni4dcuyG7RT/Ie7VPTvnjzIaWzRMUBsrqNj/hhw==",
      "dev": true
    }
  },
  "dependencies": {
    "@vue/reactivity": {
      "version": "3.4.38",
      "resolved": "https://mirrors.tencent.com/npm/@vue/reactivity/-/reactivity-3.4.38.tgz",
      "integrity": "sha512-4vl4wMMVniLsSYYeldAKzbk72+D3hUnkw9z8lDeJacTxAkXeDAP1uE9xr2+aKIN0ipOL8EG2GPouVTH6yF7Gnw==",
      "dev": true,
      "requires": {
        "@vue/shared": "3.4.38"
      }
    },
    "@vue/runtime-core": {
      "version": "3.4.38",
      "resolved": "https://mirrors.tencent.com/npm/@vue/runtime-core/-/runtime-core-3.4.38.tgz",
      "integrity": "sha512-21z3wA99EABtuf+O3IhdxP0iHgkBs1vuoCAsCKLVJPEjpVqvblwBnTj42vzHRlWDCyxu9ptDm7sI2ZMcWrQqlA==",
      "dev": true,
      "requires": {
        "@vue/reactivity": "3.4.38",
        "@vue/shared": "3.4.38"
      }
    },
    "@vue/shared": {
      "version": "3.4.38",
      "resolved": "https://mirrors.tencent.com/npm/@vue/shared/-/shared-3.4.38.tgz",
      "integrity": "sha512-q0xCiLkuWWQLzVrecPb0RMsNWyxICOjPrcrwxTUEHb1fsnvni4dcuyG7RT/Ie7VPTvnjzIaWzRMUBsrqNj/hhw==",
      "dev": true
    }
  }
}
